
Microsoft Visual Studio Solution File, Format Version 12.00
# Visual Studio Version 17
VisualStudioVersion = 17.5.002.0
MinimumVisualStudioVersion = 10.0.40219.1
Project("{9A19103F-16F7-4668-BE54-9A1E7A4F7556}") = "my-console-app", "my-console-app\my-console-app.csproj", "{63E506C0-E44A-4592-B410-AE5175C366C1}"
EndProject
Project("{9A19103F-16F7-4668-BE54-9A1E7A4F7556}") = "PizzaStore", "PizzaStore\PizzaStore.csproj", "{9849B3B8-13B9-4600-A173-9EA85A39680B}"
EndProject
Global
	GlobalSection(SolutionConfigurationPlatforms) = preSolution
		Debug|Any CPU = Debug|Any CPU
		Release|Any CPU = Release|Any CPU
	EndGlobalSection
	GlobalSection(ProjectConfigurationPlatforms) = postSolution
		{63E506C0-E44A-4592-B410-AE5175C366C1}.Debug|Any CPU.ActiveCfg = Debug|Any CPU
		{63E506C0-E44A-4592-B410-AE5175C366C1}.Debug|Any CPU.Build.0 = Debug|Any CPU
		{63E506C0-E44A-4592-B410-AE5175C366C1}.Release|Any CPU.ActiveCfg = Release|Any CPU
		{63E506C0-E44A-4592-B410-AE5175C366C1}.Release|Any CPU.Build.0 = Release|Any CPU
		{9849B3B8-13B9-4600-A173-9EA85A39680B}.Debug|Any CPU.ActiveCfg = Debug|Any CPU
		{9849B3B8-13B9-4600-A173-9EA85A39680B}.Debug|Any CPU.Build.0 = Debug|Any CPU
		{9849B3B8-13B9-4600-A173-9EA85A39680B}.Release|Any CPU.ActiveCfg = Release|Any CPU
		{9849B3B8-13B9-4600-A173-9EA85A39680B}.Release|Any CPU.Build.0 = Release|Any CPU
	EndGlobalSection
	GlobalSection(SolutionProperties) = preSolution
		HideSolutionNode = FALSE
	EndGlobalSection
	GlobalSection(ExtensibilityGlobals) = postSolution
		SolutionGuid = {BF3C1DBB-3D82-475B-9EA8-941CC1B51DD3}
	EndGlobalSection
EndGlobal
